
Microsoft Visual Studio Solution File, Format Version 12.00
# Visual Studio Version 17
VisualStudioVersion = 17.0.31903.59
MinimumVisualStudioVersion = 10.0.40219.1
Project("{FAE04EC0-301F-11D3-BF4B-00C04F79EFBC}") = "phcpsqlserver", "phcpsqlserver.csproj", "{212C7D0A-4F54-4895-B9A5-58E0B327B5A3}"
EndProject
Global
	GlobalSection(SolutionConfigurationPlatforms) = preSolution
		Debug|Any CPU = Debug|Any CPU
		Release|Any CPU = Release|Any CPU
	EndGlobalSection
	GlobalSection(SolutionProperties) = preSolution
		HideSolutionNode = FALSE
	EndGlobalSection
	GlobalSection(ProjectConfigurationPlatforms) = postSolution
		{212C7D0A-4F54-4895-B9A5-58E0B327B5A3}.Debug|Any CPU.ActiveCfg = Debug|Any CPU
		{212C7D0A-4F54-4895-B9A5-58E0B327B5A3}.Debug|Any CPU.Build.0 = Debug|Any CPU
		{212C7D0A-4F54-4895-B9A5-58E0B327B5A3}.Release|Any CPU.ActiveCfg = Release|Any CPU
		{212C7D0A-4F54-4895-B9A5-58E0B327B5A3}.Release|Any CPU.Build.0 = Release|Any CPU
	EndGlobalSection
EndGlobal
